
Microsoft Visual Studio Solution File, Format Version 12.00
# Visual Studio Version 17
VisualStudioVersion = 17.0.31919.166
MinimumVisualStudioVersion = 10.0.40219.1
Project("{9A19103F-16F7-4668-BE54-9A1E7A4F7556}") = "DisplayScreens", "DisplayScreens\DisplayScreens.csproj", "{2C236EE0-2DA3-422C-8C39-FFB3738EA0CF}"
EndProject
Project("{9A19103F-16F7-4668-BE54-9A1E7A4F7556}") = "HotKeys Shortcuts", "HotKeys Shortcuts\HotKeys Shortcuts.csproj", "{176BE7CC-AB31-444E-918C-EE4304C20E94}"
EndProject
Project("{9A19103F-16F7-4668-BE54-9A1E7A4F7556}") = "WorkBoard", "WorkBoard\WorkBoard.csproj", "{0F8C222A-4D7E-469D-8AF1-8EAACA79F32A}"
EndProject
Project("{9A19103F-16F7-4668-BE54-9A1E7A4F7556}") = "Common", "Common\Common.csproj", "{2FB4F3D2-AFF7-450B-B813-4A6C8C17B2E4}"
EndProject
Project("{FAE04EC0-301F-11D3-BF4B-00C04F79EFBC}") = "Apps Dashboard", "Apps Dashboard\Apps Dashboard.csproj", "{0DF59C38-B796-4130-8E49-B3AE5BAB7521}"
EndProject
Global
	GlobalSection(SolutionConfigurationPlatforms) = preSolution
		Debug|Any CPU = Debug|Any CPU
		Release|Any CPU = Release|Any CPU
	EndGlobalSection
	GlobalSection(ProjectConfigurationPlatforms) = postSolution
		{2C236EE0-2DA3-422C-8C39-FFB3738EA0CF}.Debug|Any CPU.ActiveCfg = Debug|Any CPU
		{2C236EE0-2DA3-422C-8C39-FFB3738EA0CF}.Debug|Any CPU.Build.0 = Debug|Any CPU
		{2C236EE0-2DA3-422C-8C39-FFB3738EA0CF}.Release|Any CPU.ActiveCfg = Release|Any CPU
		{2C236EE0-2DA3-422C-8C39-FFB3738EA0CF}.Release|Any CPU.Build.0 = Release|Any CPU
		{176BE7CC-AB31-444E-918C-EE4304C20E94}.Debug|Any CPU.ActiveCfg = Debug|Any CPU
		{176BE7CC-AB31-444E-918C-EE4304C20E94}.Debug|Any CPU.Build.0 = Debug|Any CPU
		{176BE7CC-AB31-444E-918C-EE4304C20E94}.Release|Any CPU.ActiveCfg = Release|Any CPU
		{176BE7CC-AB31-444E-918C-EE4304C20E94}.Release|Any CPU.Build.0 = Release|Any CPU
		{0F8C222A-4D7E-469D-8AF1-8EAACA79F32A}.Debug|Any CPU.ActiveCfg = Debug|Any CPU
		{0F8C222A-4D7E-469D-8AF1-8EAACA79F32A}.Debug|Any CPU.Build.0 = Debug|Any CPU
		{0F8C222A-4D7E-469D-8AF1-8EAACA79F32A}.Release|Any CPU.ActiveCfg = Release|Any CPU
		{0F8C222A-4D7E-469D-8AF1-8EAACA79F32A}.Release|Any CPU.Build.0 = Release|Any CPU
		{2FB4F3D2-AFF7-450B-B813-4A6C8C17B2E4}.Debug|Any CPU.ActiveCfg = Debug|Any CPU
		{2FB4F3D2-AFF7-450B-B813-4A6C8C17B2E4}.Debug|Any CPU.Build.0 = Debug|Any CPU
		{2FB4F3D2-AFF7-450B-B813-4A6C8C17B2E4}.Release|Any CPU.ActiveCfg = Release|Any CPU
		{2FB4F3D2-AFF7-450B-B813-4A6C8C17B2E4}.Release|Any CPU.Build.0 = Release|Any CPU
		{0DF59C38-B796-4130-8E49-B3AE5BAB7521}.Debug|Any CPU.ActiveCfg = Debug|Any CPU
		{0DF59C38-B796-4130-8E49-B3AE5BAB7521}.Debug|Any CPU.Build.0 = Debug|Any CPU
		{0DF59C38-B796-4130-8E49-B3AE5BAB7521}.Release|Any CPU.ActiveCfg = Release|Any CPU
		{0DF59C38-B796-4130-8E49-B3AE5BAB7521}.Release|Any CPU.Build.0 = Release|Any CPU
	EndGlobalSection
	GlobalSection(SolutionProperties) = preSolution
		HideSolutionNode = FALSE
	EndGlobalSection
	GlobalSection(ExtensibilityGlobals) = postSolution
		SolutionGuid = {41ABDFEC-96B4-4BDD-894A-5EBAA0B052C9}
	EndGlobalSection
EndGlobal
